
Microsoft Visual Studio Solution File, Format Version 12.00
# Visual Studio Version 17
VisualStudioVersion = 17.1.32328.378
MinimumVisualStudioVersion = 10.0.40219.1
Project("{FAE04EC0-301F-11D3-BF4B-00C04F79EFBC}") = "CryptographicAlgorithms", "CryptographicAlgorithms\CryptographicAlgorithms.csproj", "{AAA5A079-21A0-40C7-82C2-5D6BA6277F83}"
EndProject
Project("{FAE04EC0-301F-11D3-BF4B-00C04F79EFBC}") = "CryptographicAlgorithms.Tests", "CryptographicAlgorithms.Tests\CryptographicAlgorithms.Tests.csproj", "{DE460E43-48AF-472A-BABF-DEB62D8D9432}"
EndProject
Global
	GlobalSection(SolutionConfigurationPlatforms) = preSolution
		Debug|Any CPU = Debug|Any CPU
		Release|Any CPU = Release|Any CPU
	EndGlobalSection
	GlobalSection(ProjectConfigurationPlatforms) = postSolution
		{AAA5A079-21A0-40C7-82C2-5D6BA6277F83}.Debug|Any CPU.ActiveCfg = Debug|Any CPU
		{AAA5A079-21A0-40C7-82C2-5D6BA6277F83}.Debug|Any CPU.Build.0 = Debug|Any CPU
		{AAA5A079-21A0-40C7-82C2-5D6BA6277F83}.Release|Any CPU.ActiveCfg = Release|Any CPU
		{AAA5A079-21A0-40C7-82C2-5D6BA6277F83}.Release|Any CPU.Build.0 = Release|Any CPU
		{DE460E43-48AF-472A-BABF-DEB62D8D9432}.Debug|Any CPU.ActiveCfg = Debug|Any CPU
		{DE460E43-48AF-472A-BABF-DEB62D8D9432}.Debug|Any CPU.Build.0 = Debug|Any CPU
		{DE460E43-48AF-472A-BABF-DEB62D8D9432}.Release|Any CPU.ActiveCfg = Release|Any CPU
		{DE460E43-48AF-472A-BABF-DEB62D8D9432}.Release|Any CPU.Build.0 = Release|Any CPU
	EndGlobalSection
	GlobalSection(SolutionProperties) = preSolution
		HideSolutionNode = FALSE
	EndGlobalSection
	GlobalSection(ExtensibilityGlobals) = postSolution
		SolutionGuid = {49C30D0D-6956-4146-A494-D3E06509B694}
	EndGlobalSection
EndGlobal
